{
  "name": "volanteux",
  "version": "1.0.0",
  "lockfileVersion": 3,
  "requires": true,
  "packages": {
    "": {
      "name": "volanteux",
      "version": "1.0.0",
      "license": "ISC",
      "dependencies": {
        "the-new-css-reset": "^1.11.2"
      }
    },
    "node_modules/the-new-css-reset": {
      "version": "1.11.2",
      "resolved": "https://registry.npmjs.org/the-new-css-reset/-/the-new-css-reset-1.11.2.tgz",
      "integrity": "sha512-m/JQ/srn+e5SAI7MVCZOJ1hoxoE1w1uA96birT52Y9769GN9e0M4K1PBxlz05Vq4HprX11ASBjM2TcQs4WXnXg=="
    }
  }
}
